
Microsoft Visual Studio Solution File, Format Version 12.00
# Visual Studio Version 16
VisualStudioVersion = 16.0.31205.134
MinimumVisualStudioVersion = 10.0.40219.1
Project("{FAE04EC0-301F-11D3-BF4B-00C04F79EFBC}") = "Basic.Net", "Basic.Net\Basic.Net.csproj", "{1F683DCA-19A2-4D88-AA4D-1986C4E2B845}"
EndProject
Global
	GlobalSection(SolutionConfigurationPlatforms) = preSolution
		Debug|Any CPU = Debug|Any CPU
		Release|Any CPU = Release|Any CPU
	EndGlobalSection
	GlobalSection(ProjectConfigurationPlatforms) = postSolution
		{1F683DCA-19A2-4D88-AA4D-1986C4E2B845}.Debug|Any CPU.ActiveCfg = Debug|Any CPU
		{1F683DCA-19A2-4D88-AA4D-1986C4E2B845}.Debug|Any CPU.Build.0 = Debug|Any CPU
		{1F683DCA-19A2-4D88-AA4D-1986C4E2B845}.Release|Any CPU.ActiveCfg = Release|Any CPU
		{1F683DCA-19A2-4D88-AA4D-1986C4E2B845}.Release|Any CPU.Build.0 = Release|Any CPU
	EndGlobalSection
	GlobalSection(SolutionProperties) = preSolution
		HideSolutionNode = FALSE
	EndGlobalSection
	GlobalSection(ExtensibilityGlobals) = postSolution
		SolutionGuid = {E06E4F84-6AE5-4DE8-8179-488FD6017CEB}
	EndGlobalSection
EndGlobal
